
Microsoft Visual Studio Solution File, Format Version 12.00
# Visual Studio Version 17
Project("{2150E333-8FDC-42A3-9474-1A3956D46DE8}") = "CMakePredefinedTargets", "CMakePredefinedTargets", "{924DB1A4-72EA-3028-BB54-50EF2BC35542}"
EndProject
Project("{2150E333-8FDC-42A3-9474-1A3956D46DE8}") = "GLFW3", "GLFW3", "{F7CA3575-E532-3C76-8229-1FCA427DF85D}"
EndProject
Project("{8BC9CEB8-8B4A-11D0-8D11-00A0C91BC942}") = "A6", "A6.vcxproj", "{EBDE7C55-900D-30C5-BECE-004AC0D7ABD2}"
	ProjectSection(ProjectDependencies) = postProject
		{0D72B647-3E0E-3F23-873E-EF6D74D72741} = {0D72B647-3E0E-3F23-873E-EF6D74D72741}
		{69DDF89F-CAEF-3B0A-9B13-EA2FD3719ABD} = {69DDF89F-CAEF-3B0A-9B13-EA2FD3719ABD}
	EndProjectSection
EndProject
Project("{8BC9CEB8-8B4A-11D0-8D11-00A0C91BC942}") = "ALL_BUILD", "ALL_BUILD.vcxproj", "{9B23077C-E5C0-348E-B108-5AAD8840AA12}"
	ProjectSection(ProjectDependencies) = postProject
		{EBDE7C55-900D-30C5-BECE-004AC0D7ABD2} = {EBDE7C55-900D-30C5-BECE-004AC0D7ABD2}
		{0D72B647-3E0E-3F23-873E-EF6D74D72741} = {0D72B647-3E0E-3F23-873E-EF6D74D72741}
		{69DDF89F-CAEF-3B0A-9B13-EA2FD3719ABD} = {69DDF89F-CAEF-3B0A-9B13-EA2FD3719ABD}
	EndProjectSection
EndProject
Project("{8BC9CEB8-8B4A-11D0-8D11-00A0C91BC942}") = "INSTALL", "INSTALL.vcxproj", "{C1849A5D-FAD0-35AC-B353-A76D9EDDF8F2}"
	ProjectSection(ProjectDependencies) = postProject
		{9B23077C-E5C0-348E-B108-5AAD8840AA12} = {9B23077C-E5C0-348E-B108-5AAD8840AA12}
		{0D72B647-3E0E-3F23-873E-EF6D74D72741} = {0D72B647-3E0E-3F23-873E-EF6D74D72741}
	EndProjectSection
EndProject
Project("{8BC9CEB8-8B4A-11D0-8D11-00A0C91BC942}") = "ZERO_CHECK", "ZERO_CHECK.vcxproj", "{0D72B647-3E0E-3F23-873E-EF6D74D72741}"
	ProjectSection(ProjectDependencies) = postProject
	EndProjectSection
EndProject
Project("{8BC9CEB8-8B4A-11D0-8D11-00A0C91BC942}") = "glfw", "C:\Users\jakam\OneDrive\Documents\CSCE 441\glfw-3.3.6\glfw-3.3.6\debug\src\glfw.vcxproj", "{69DDF89F-CAEF-3B0A-9B13-EA2FD3719ABD}"
	ProjectSection(ProjectDependencies) = postProject
		{0D72B647-3E0E-3F23-873E-EF6D74D72741} = {0D72B647-3E0E-3F23-873E-EF6D74D72741}
	EndProjectSection
EndProject
Project("{8BC9CEB8-8B4A-11D0-8D11-00A0C91BC942}") = "uninstall", "C:\Users\jakam\OneDrive\Documents\CSCE 441\glfw-3.3.6\glfw-3.3.6\debug\uninstall.vcxproj", "{B0EF21DC-3584-3238-BBD9-8E6816E5F881}"
	ProjectSection(ProjectDependencies) = postProject
		{0D72B647-3E0E-3F23-873E-EF6D74D72741} = {0D72B647-3E0E-3F23-873E-EF6D74D72741}
	EndProjectSection
EndProject
Project("{8BC9CEB8-8B4A-11D0-8D11-00A0C91BC942}") = "update_mappings", "C:\Users\jakam\OneDrive\Documents\CSCE 441\glfw-3.3.6\glfw-3.3.6\debug\src\update_mappings.vcxproj", "{CACEAB2D-25BC-3334-A50F-032B8EB0CABF}"
	ProjectSection(ProjectDependencies) = postProject
		{0D72B647-3E0E-3F23-873E-EF6D74D72741} = {0D72B647-3E0E-3F23-873E-EF6D74D72741}
	EndProjectSection
EndProject
Global
	GlobalSection(SolutionConfigurationPlatforms) = preSolution
		Debug|x64 = Debug|x64
		Release|x64 = Release|x64
		MinSizeRel|x64 = MinSizeRel|x64
		RelWithDebInfo|x64 = RelWithDebInfo|x64
	EndGlobalSection
	GlobalSection(ProjectConfigurationPlatforms) = postSolution
		{EBDE7C55-900D-30C5-BECE-004AC0D7ABD2}.Debug|x64.ActiveCfg = Debug|x64
		{EBDE7C55-900D-30C5-BECE-004AC0D7ABD2}.Debug|x64.Build.0 = Debug|x64
		{EBDE7C55-900D-30C5-BECE-004AC0D7ABD2}.Release|x64.ActiveCfg = Release|x64
		{EBDE7C55-900D-30C5-BECE-004AC0D7ABD2}.Release|x64.Build.0 = Release|x64
		{EBDE7C55-900D-30C5-BECE-004AC0D7ABD2}.MinSizeRel|x64.ActiveCfg = MinSizeRel|x64
		{EBDE7C55-900D-30C5-BECE-004AC0D7ABD2}.MinSizeRel|x64.Build.0 = MinSizeRel|x64
		{EBDE7C55-900D-30C5-BECE-004AC0D7ABD2}.RelWithDebInfo|x64.ActiveCfg = RelWithDebInfo|x64
		{EBDE7C55-900D-30C5-BECE-004AC0D7ABD2}.RelWithDebInfo|x64.Build.0 = RelWithDebInfo|x64
		{9B23077C-E5C0-348E-B108-5AAD8840AA12}.Debug|x64.ActiveCfg = Debug|x64
		{9B23077C-E5C0-348E-B108-5AAD8840AA12}.Debug|x64.Build.0 = Debug|x64
		{9B23077C-E5C0-348E-B108-5AAD8840AA12}.Release|x64.ActiveCfg = Release|x64
		{9B23077C-E5C0-348E-B108-5AAD8840AA12}.Release|x64.Build.0 = Release|x64
		{9B23077C-E5C0-348E-B108-5AAD8840AA12}.MinSizeRel|x64.ActiveCfg = MinSizeRel|x64
		{9B23077C-E5C0-348E-B108-5AAD8840AA12}.MinSizeRel|x64.Build.0 = MinSizeRel|x64
		{9B23077C-E5C0-348E-B108-5AAD8840AA12}.RelWithDebInfo|x64.ActiveCfg = RelWithDebInfo|x64
		{9B23077C-E5C0-348E-B108-5AAD8840AA12}.RelWithDebInfo|x64.Build.0 = RelWithDebInfo|x64
		{C1849A5D-FAD0-35AC-B353-A76D9EDDF8F2}.Debug|x64.ActiveCfg = Debug|x64
		{C1849A5D-FAD0-35AC-B353-A76D9EDDF8F2}.Release|x64.ActiveCfg = Release|x64
		{C1849A5D-FAD0-35AC-B353-A76D9EDDF8F2}.MinSizeRel|x64.ActiveCfg = MinSizeRel|x64
		{C1849A5D-FAD0-35AC-B353-A76D9EDDF8F2}.RelWithDebInfo|x64.ActiveCfg = RelWithDebInfo|x64
		{0D72B647-3E0E-3F23-873E-EF6D74D72741}.Debug|x64.ActiveCfg = Debug|x64
		{0D72B647-3E0E-3F23-873E-EF6D74D72741}.Debug|x64.Build.0 = Debug|x64
		{0D72B647-3E0E-3F23-873E-EF6D74D72741}.Release|x64.ActiveCfg = Release|x64
		{0D72B647-3E0E-3F23-873E-EF6D74D72741}.Release|x64.Build.0 = Release|x64
		{0D72B647-3E0E-3F23-873E-EF6D74D72741}.MinSizeRel|x64.ActiveCfg = MinSizeRel|x64
		{0D72B647-3E0E-3F23-873E-EF6D74D72741}.MinSizeRel|x64.Build.0 = MinSizeRel|x64
		{0D72B647-3E0E-3F23-873E-EF6D74D72741}.RelWithDebInfo|x64.ActiveCfg = RelWithDebInfo|x64
		{0D72B647-3E0E-3F23-873E-EF6D74D72741}.RelWithDebInfo|x64.Build.0 = RelWithDebInfo|x64
		{69DDF89F-CAEF-3B0A-9B13-EA2FD3719ABD}.Debug|x64.ActiveCfg = Debug|x64
		{69DDF89F-CAEF-3B0A-9B13-EA2FD3719ABD}.Debug|x64.Build.0 = Debug|x64
		{69DDF89F-CAEF-3B0A-9B13-EA2FD3719ABD}.Release|x64.ActiveCfg = Release|x64
		{69DDF89F-CAEF-3B0A-9B13-EA2FD3719ABD}.Release|x64.Build.0 = Release|x64
		{69DDF89F-CAEF-3B0A-9B13-EA2FD3719ABD}.MinSizeRel|x64.ActiveCfg = MinSizeRel|x64
		{69DDF89F-CAEF-3B0A-9B13-EA2FD3719ABD}.MinSizeRel|x64.Build.0 = MinSizeRel|x64
		{69DDF89F-CAEF-3B0A-9B13-EA2FD3719ABD}.RelWithDebInfo|x64.ActiveCfg = RelWithDebInfo|x64
		{69DDF89F-CAEF-3B0A-9B13-EA2FD3719ABD}.RelWithDebInfo|x64.Build.0 = RelWithDebInfo|x64
		{B0EF21DC-3584-3238-BBD9-8E6816E5F881}.Debug|x64.ActiveCfg = Debug|x64
		{B0EF21DC-3584-3238-BBD9-8E6816E5F881}.Release|x64.ActiveCfg = Release|x64
		{B0EF21DC-3584-3238-BBD9-8E6816E5F881}.MinSizeRel|x64.ActiveCfg = MinSizeRel|x64
		{B0EF21DC-3584-3238-BBD9-8E6816E5F881}.RelWithDebInfo|x64.ActiveCfg = RelWithDebInfo|x64
		{CACEAB2D-25BC-3334-A50F-032B8EB0CABF}.Debug|x64.ActiveCfg = Debug|x64
		{CACEAB2D-25BC-3334-A50F-032B8EB0CABF}.Release|x64.ActiveCfg = Release|x64
		{CACEAB2D-25BC-3334-A50F-032B8EB0CABF}.MinSizeRel|x64.ActiveCfg = MinSizeRel|x64
		{CACEAB2D-25BC-3334-A50F-032B8EB0CABF}.RelWithDebInfo|x64.ActiveCfg = RelWithDebInfo|x64
	EndGlobalSection
	GlobalSection(NestedProjects) = preSolution
		{9B23077C-E5C0-348E-B108-5AAD8840AA12} = {924DB1A4-72EA-3028-BB54-50EF2BC35542}
		{C1849A5D-FAD0-35AC-B353-A76D9EDDF8F2} = {924DB1A4-72EA-3028-BB54-50EF2BC35542}
		{0D72B647-3E0E-3F23-873E-EF6D74D72741} = {924DB1A4-72EA-3028-BB54-50EF2BC35542}
		{69DDF89F-CAEF-3B0A-9B13-EA2FD3719ABD} = {F7CA3575-E532-3C76-8229-1FCA427DF85D}
		{B0EF21DC-3584-3238-BBD9-8E6816E5F881} = {F7CA3575-E532-3C76-8229-1FCA427DF85D}
		{CACEAB2D-25BC-3334-A50F-032B8EB0CABF} = {F7CA3575-E532-3C76-8229-1FCA427DF85D}
	EndGlobalSection
	GlobalSection(ExtensibilityGlobals) = postSolution
		SolutionGuid = {539BFC87-E728-302B-B457-18AD87587881}
	EndGlobalSection
	GlobalSection(ExtensibilityAddIns) = postSolution
	EndGlobalSection
EndGlobal
